
Microsoft Visual Studio Solution File, Format Version 12.00
# Visual Studio Version 16
VisualStudioVersion = 16.0.32413.511
MinimumVisualStudioVersion = 10.0.40219.1
Project("{FAE04EC0-301F-11D3-BF4B-00C04F79EFBC}") = "Lab4", "Lab4\Lab4.csproj", "{0B87B06B-A752-4DB9-AA6C-BC84FB38C770}"
EndProject
Global
	GlobalSection(SolutionConfigurationPlatforms) = preSolution
		Debug|Any CPU = Debug|Any CPU
		Release|Any CPU = Release|Any CPU
	EndGlobalSection
	GlobalSection(ProjectConfigurationPlatforms) = postSolution
		{0B87B06B-A752-4DB9-AA6C-BC84FB38C770}.Debug|Any CPU.ActiveCfg = Debug|Any CPU
		{0B87B06B-A752-4DB9-AA6C-BC84FB38C770}.Debug|Any CPU.Build.0 = Debug|Any CPU
		{0B87B06B-A752-4DB9-AA6C-BC84FB38C770}.Release|Any CPU.ActiveCfg = Release|Any CPU
		{0B87B06B-A752-4DB9-AA6C-BC84FB38C770}.Release|Any CPU.Build.0 = Release|Any CPU
	EndGlobalSection
	GlobalSection(SolutionProperties) = preSolution
		HideSolutionNode = FALSE
	EndGlobalSection
	GlobalSection(ExtensibilityGlobals) = postSolution
		SolutionGuid = {F17974FC-2AA9-4FBC-B109-B69D021186E1}
	EndGlobalSection
EndGlobal
